// !$*UTF8*$!
{
	archiveVersion = 1;
	classes = {
	};
	objectVersion = 51;
	objects = {

/* Begin PBXBuildFile section */
		36BE9495247C42B500344017 /* AppDelegate.swift in Sources */ = {isa = PBXBuildFile; fileRef = 36BE9494247C42B500344017 /* AppDelegate.swift */; };
		36BE9497247C42B500344017 /* SceneDelegate.swift in Sources */ = {isa = PBXBuildFile; fileRef = 36BE9496247C42B500344017 /* SceneDelegate.swift */; };
		36BE9499247C42B500344017 /* ViewController.swift in Sources */ = {isa = PBXBuildFile; fileRef = 36BE9498247C42B500344017 /* ViewController.swift */; };
		36BE949C247C42B500344017 /* Main.storyboard in Resources */ = {isa = PBXBuildFile; fileRef = 36BE949A247C42B500344017 /* Main.storyboard */; };
		36BE949E247C42BA00344017 /* Assets.xcassets in Resources */ = {isa = PBXBuildFile; fileRef = 36BE949D247C42BA00344017 /* Assets.xcassets */; };
		36BE94A1247C42BA00344017 /* LaunchScreen.storyboard in Resources */ = {isa = PBXBuildFile; fileRef = 36BE949F247C42BA00344017 /* LaunchScreen.storyboard */; };
		36BE94A9247C42D400344017 /* tessdata in Resources */ = {isa = PBXBuildFile; fileRef = 36BE94A8247C42D300344017 /* tessdata */; };
		B48111285F8802B019B1FEFC /* Pods_OCR_Recognizer.framework in Frameworks */ = {isa = PBXBuildFile; fileRef = 3299EF61F72A86DCBCA51C8D /* Pods_OCR_Recognizer.framework */; };
/* End PBXBuildFile section */

/* Begin PBXFileReference section */
		3299EF61F72A86DCBCA51C8D /* Pods_OCR_Recognizer.framework */ = {isa = PBXFileReference; explicitFileType = wrapper.framework; includeInIndex = 0; path = Pods_OCR_Recognizer.framework; sourceTree = BUILT_PRODUCTS_DIR; };
		36BE9491247C42B500344017 /* OCR Recognizer.app */ = {isa = PBXFileReference; explicitFileType = wrapper.application; includeInIndex = 0; path = "OCR Recognizer.app"; sourceTree = BUILT_PRODUCTS_DIR; };
		36BE9494247C42B500344017 /* AppDelegate.swift */ = {isa = PBXFileReference; lastKnownFileType = sourcecode.swift; path = AppDelegate.swift; sourceTree = "<group>"; };
		36BE9496247C42B500344017 /* SceneDelegate.swift */ = {isa = PBXFileReference; lastKnownFileType = sourcecode.swift; path = SceneDelegate.swift; sourceTree = "<group>"; };
		36BE9498247C42B500344017 /* ViewController.swift */ = {isa = PBXFileReference; lastKnownFileType = sourcecode.swift; path = ViewController.swift; sourceTree = "<group>"; };
		36BE949B247C42B500344017 /* Base */ = {isa = PBXFileReference; lastKnownFileType = file.storyboard; name = Base; path = Base.lproj/Main.storyboard; sourceTree = "<group>"; };
		36BE949D247C42BA00344017 /* Assets.xcassets */ = {isa = PBXFileReference; lastKnownFileType = folder.assetcatalog; path = Assets.xcassets; sourceTree = "<group>"; };
		36BE94A0247C42BA00344017 /* Base */ = {isa = PBXFileReference; lastKnownFileType = file.storyboard; name = Base; path = Base.lproj/LaunchScreen.storyboard; sourceTree = "<group>"; };
		36BE94A2247C42BA00344017 /* Info.plist */ = {isa = PBXFileReference; lastKnownFileType = text.plist.xml; path = Info.plist; sourceTree = "<group>"; };
		36BE94A8247C42D300344017 /* tessdata */ = {isa = PBXFileReference; lastKnownFileType = folder; path = tessdata; sourceTree = "<group>"; };
		E0FEEB92B54CB716BBFAA6E8 /* Pods-OCR Recognizer.debug.xcconfig */ = {isa = PBXFileReference; includeInIndex = 1; lastKnownFileType = text.xcconfig; name = "Pods-OCR Recognizer.debug.xcconfig"; path = "Target Support Files/Pods-OCR Recognizer/Pods-OCR Recognizer.debug.xcconfig"; sourceTree = "<group>"; };
		E59BA26E101AAEA6AD3C1B34 /* Pods-OCR Recognizer.release.xcconfig */ = {isa = PBXFileReference; includeInIndex = 1; lastKnownFileType = text.xcconfig; name = "Pods-OCR Recognizer.release.xcconfig"; path = "Target Support Files/Pods-OCR Recognizer/Pods-OCR Recognizer.release.xcconfig"; sourceTree = "<group>"; };
/* End PBXFileReference section */

/* Begin PBXFrameworksBuildPhase section */
		36BE948E247C42B500344017 /* Frameworks */ = {
			isa = PBXFrameworksBuildPhase;
			buildActionMask = 2147483647;
			files = (
				B48111285F8802B019B1FEFC /* Pods_OCR_Recognizer.framework in Frameworks */,
			);
			runOnlyForDeploymentPostprocessing = 0;
		};
/* End PBXFrameworksBuildPhase section */

/* Begin PBXGroup section */
		36BE9488247C42B500344017 = {
			isa = PBXGroup;
			children = (
				36BE9493247C42B500344017 /* OCR Recognizer */,
				36BE9492247C42B500344017 /* Products */,
				CED8D146DD0B341D3B944CE7 /* Pods */,
				D784392CADBA5A628876483C /* Frameworks */,
			);
			sourceTree = "<group>";
		};
		36BE9492247C42B500344017 /* Products */ = {
			isa = PBXGroup;
			children = (
				36BE9491247C42B500344017 /* OCR Recognizer.app */,
			);
			name = Products;
			sourceTree = "<group>";
		};
		36BE9493247C42B500344017 /* OCR Recognizer */ = {
			isa = PBXGroup;
			children = (
				36BE9494247C42B500344017 /* AppDelegate.swift */,
				36BE9496247C42B500344017 /* SceneDelegate.swift */,
				36BE9498247C42B500344017 /* ViewController.swift */,
				36BE949A247C42B500344017 /* Main.storyboard */,
				36BE94A8247C42D300344017 /* tessdata */,
				36BE949D247C42BA00344017 /* Assets.xcassets */,
				36BE949F247C42BA00344017 /* LaunchScreen.storyboard */,
				36BE94A2247C42BA00344017 /* Info.plist */,
			);
			path = "OCR Recognizer";
			sourceTree = "<group>";
		};
		CED8D146DD0B341D3B944CE7 /* Pods */ = {
			isa = PBXGroup;
			children = (
				E0FEEB92B54CB716BBFAA6E8 /* Pods-OCR Recognizer.debug.xcconfig */,
				E59BA26E101AAEA6AD3C1B34 /* Pods-OCR Recognizer.release.xcconfig */,
			);
			path = Pods;
			sourceTree = "<group>";
		};
		D784392CADBA5A628876483C /* Frameworks */ = {
			isa = PBXGroup;
			children = (
				3299EF61F72A86DCBCA51C8D /* Pods_OCR_Recognizer.framework */,
			);
			name = Frameworks;
			sourceTree = "<group>";
		};
/* End PBXGroup section */

/* Begin PBXNativeTarget section */
		36BE9490247C42B500344017 /* OCR Recognizer */ = {
			isa = PBXNativeTarget;
			buildConfigurationList = 36BE94A5247C42BA00344017 /* Build configuration list for PBXNativeTarget "OCR Recognizer" */;
			buildPhases = (
				EAD5E8145B7D633DE85568A4 /* [CP] Check Pods Manifest.lock */,
				36BE948D247C42B500344017 /* Sources */,
				36BE948E247C42B500344017 /* Frameworks */,
				36BE948F247C42B500344017 /* Resources */,
				2EA94DF2F82D9A895AE520DD /* [CP] Embed Pods Frameworks */,
			);
			buildRules = (
			);
			dependencies = (
			);
			name = "OCR Recognizer";
			productName = "OCR Recognizer";
			productReference = 36BE9491247C42B500344017 /* OCR Recognizer.app */;
			productType = "com.apple.product-type.application";
		};
/* End PBXNativeTarget section */

/* Begin PBXProject section */
		36BE9489247C42B500344017 /* Project object */ = {
			isa = PBXProject;
			attributes = {
				LastSwiftUpdateCheck = 1140;
				LastUpgradeCheck = 1140;
				ORGANIZATIONNAME = Lilya;
				TargetAttributes = {
					36BE9490247C42B500344017 = {
						CreatedOnToolsVersion = 11.4.1;
					};
				};
			};
			buildConfigurationList = 36BE948C247C42B500344017 /* Build configuration list for PBXProject "OCR" */;
			compatibilityVersion = "Xcode 9.3";
			developmentRegion = en;
			hasScannedForEncodings = 0;
			knownRegions = (
				en,
				Base,
			);
			mainGroup = 36BE9488247C42B500344017;
			productRefGroup = 36BE9492247C42B500344017 /* Products */;
			projectDirPath = "";
			projectRoot = "";
			targets = (
				36BE9490247C42B500344017 /* OCR Recognizer */,
			);
		};
/* End PBXProject section */

/* Begin PBXResourcesBuildPhase section */
		36BE948F247C42B500344017 /* Resources */ = {
			isa = PBXResourcesBuildPhase;
			buildActionMask = 2147483647;
			files = (
				36BE94A1247C42BA00344017 /* LaunchScreen.storyboard in Resources */,
				36BE94A9247C42D400344017 /* tessdata in Resources */,
				36BE949E247C42BA00344017 /* Assets.xcassets in Resources */,
				36BE949C247C42B500344017 /* Main.storyboard in Resources */,
			);
			runOnlyForDeploymentPostprocessing = 0;
		};
/* End PBXResourcesBuildPhase section */

/* Begin PBXShellScriptBuildPhase section */
		2EA94DF2F82D9A895AE520DD /* [CP] Embed Pods Frameworks */ = {
			isa = PBXShellScriptBuildPhase;
			buildActionMask = 2147483647;
			files = (
			);
			inputFileListPaths = (
				"${PODS_ROOT}/Target Support Files/Pods-OCR Recognizer/Pods-OCR Recognizer-frameworks-${CONFIGURATION}-input-files.xcfilelist",
			);
			name = "[CP] Embed Pods Frameworks";
			outputFileListPaths = (
				"${PODS_ROOT}/Target Support Files/Pods-OCR Recognizer/Pods-OCR Recognizer-frameworks-${CONFIGURATION}-output-files.xcfilelist",
			);
			runOnlyForDeploymentPostprocessing = 0;
			shellPath = /bin/sh;
			shellScript = "\"${PODS_ROOT}/Target Support Files/Pods-OCR Recognizer/Pods-OCR Recognizer-frameworks.sh\"\n";
			showEnvVarsInLog = 0;
		};
		EAD5E8145B7D633DE85568A4 /* [CP] Check Pods Manifest.lock */ = {
			isa = PBXShellScriptBuildPhase;
			buildActionMask = 2147483647;
			files = (
			);
			inputFileListPaths = (
			);
			inputPaths = (
				"${PODS_PODFILE_DIR_PATH}/Podfile.lock",
				"${PODS_ROOT}/Manifest.lock",
			);
			name = "[CP] Check Pods Manifest.lock";
			outputFileListPaths = (
			);
			outputPaths = (
				"$(DERIVED_FILE_DIR)/Pods-OCR Recognizer-checkManifestLockResult.txt",
			);
			runOnlyForDeploymentPostprocessing = 0;
			shellPath = /bin/sh;
			shellScript = "diff \"${PODS_PODFILE_DIR_PATH}/Podfile.lock\" \"${PODS_ROOT}/Manifest.lock\" > /dev/null\nif [ $? != 0 ] ; then\n    # print error to STDERR\n    echo \"error: The sandbox is not in sync with the Podfile.lock. Run 'pod install' or update your CocoaPods installation.\" >&2\n    exit 1\nfi\n# This output is used by Xcode 'outputs' to avoid re-running this script phase.\necho \"SUCCESS\" > \"${SCRIPT_OUTPUT_FILE_0}\"\n";
			showEnvVarsInLog = 0;
		};
/* End PBXShellScriptBuildPhase section */

/* Begin PBXSourcesBuildPhase section */
		36BE948D247C42B500344017 /* Sources */ = {
			isa = PBXSourcesBuildPhase;
			buildActionMask = 2147483647;
			files = (
				36BE9499247C42B500344017 /* ViewController.swift in Sources */,
				36BE9495247C42B500344017 /* AppDelegate.swift in Sources */,
				36BE9497247C42B500344017 /* SceneDelegate.swift in Sources */,
			);
			runOnlyForDeploymentPostprocessing = 0;
		};
/* End PBXSourcesBuildPhase section */

/* Begin PBXVariantGroup section */
		36BE949A247C42B500344017 /* Main.storyboard */ = {
			isa = PBXVariantGroup;
			children = (
				36BE949B247C42B500344017 /* Base */,
			);
			name = Main.storyboard;
			sourceTree = "<group>";
		};
		36BE949F247C42BA00344017 /* LaunchScreen.storyboard */ = {
			isa = PBXVariantGroup;
			children = (
				36BE94A0247C42BA00344017 /* Base */,
			);
			name = LaunchScreen.storyboard;
			sourceTree = "<group>";
		};
/* End PBXVariantGroup section */

/* Begin XCBuildConfiguration section */
		36BE94A3247C42BA00344017 /* Debug */ = {
			isa = XCBuildConfiguration;
			buildSettings = {
				ALWAYS_SEARCH_USER_PATHS = NO;
				CLANG_ANALYZER_NONNULL = YES;
				CLANG_ANALYZER_NUMBER_OBJECT_CONVERSION = YES_AGGRESSIVE;
				CLANG_CXX_LANGUAGE_STANDARD = "gnu++14";
				CLANG_CXX_LIBRARY = "libc++";
				CLANG_ENABLE_MODULES = YES;
				CLANG_ENABLE_OBJC_ARC = YES;
				CLANG_ENABLE_OBJC_WEAK = YES;
				CLANG_WARN_BLOCK_CAPTURE_AUTORELEASING = YES;
				CLANG_WARN_BOOL_CONVERSION = YES;
				CLANG_WARN_COMMA = YES;
				CLANG_WARN_CONSTANT_CONVERSION = YES;
				CLANG_WARN_DEPRECATED_OBJC_IMPLEMENTATIONS = YES;
				CLANG_WARN_DIRECT_OBJC_ISA_USAGE = YES_ERROR;
				CLANG_WARN_DOCUMENTATION_COMMENTS = YES;
				CLANG_WARN_EMPTY_BODY = YES;
				CLANG_WARN_ENUM_CONVERSION = YES;
				CLANG_WARN_INFINITE_RECURSION = YES;
				CLANG_WARN_INT_CONVERSION = YES;
				CLANG_WARN_NON_LITERAL_NULL_CONVERSION = YES;
				CLANG_WARN_OBJC_IMPLICIT_RETAIN_SELF = YES;
				CLANG_WARN_OBJC_LITERAL_CONVERSION = YES;
				CLANG_WARN_OBJC_ROOT_CLASS = YES_ERROR;
				CLANG_WARN_RANGE_LOOP_ANALYSIS = YES;
				CLANG_WARN_STRICT_PROTOTYPES = YES;
				CLANG_WARN_SUSPICIOUS_MOVE = YES;
				CLANG_WARN_UNGUARDED_AVAILABILITY = YES_AGGRESSIVE;
				CLANG_WARN_UNREACHABLE_CODE = YES;
				CLANG_WARN__DUPLICATE_METHOD_MATCH = YES;
				COPY_PHASE_STRIP = NO;
				DEBUG_INFORMATION_FORMAT = dwarf;
				ENABLE_STRICT_OBJC_MSGSEND = YES;
				ENABLE_TESTABILITY = YES;
				GCC_C_LANGUAGE_STANDARD = gnu11;
				GCC_DYNAMIC_NO_PIC = NO;
				GCC_NO_COMMON_BLOCKS = YES;
				GCC_OPTIMIZATION_LEVEL = 0;
				GCC_PREPROCESSOR_DEFINITIONS = (
					"DEBUG=1",
					"$(inherited)",
				);
				GCC_WARN_64_TO_32_BIT_CONVERSION = YES;
				GCC_WARN_ABOUT_RETURN_TYPE = YES_ERROR;
				GCC_WARN_UNDECLARED_SELECTOR = YES;
				GCC_WARN_UNINITIALIZED_AUTOS = YES_AGGRESSIVE;
				GCC_WARN_UNUSED_FUNCTION = YES;
				GCC_WARN_UNUSED_VARIABLE = YES;
				IPHONEOS_DEPLOYMENT_TARGET = 12.0;
				MTL_ENABLE_DEBUG_INFO = INCLUDE_SOURCE;
				MTL_FAST_MATH = YES;
				ONLY_ACTIVE_ARCH = YES;
				SDKROOT = iphoneos;
				SWIFT_ACTIVE_COMPILATION_CONDITIONS = DEBUG;
				SWIFT_OPTIMIZATION_LEVEL = "-Onone";
			};
			name = Debug;
		};
		36BE94A4247C42BA00344017 /* Release */ = {
			isa = XCBuildConfiguration;
			buildSettings = {
				ALWAYS_SEARCH_USER_PATHS = NO;
				CLANG_ANALYZER_NONNULL = YES;
				CLANG_ANALYZER_NUMBER_OBJECT_CONVERSION = YES_AGGRESSIVE;
				CLANG_CXX_LANGUAGE_STANDARD = "gnu++14";
				CLANG_CXX_LIBRARY = "libc++";
				CLANG_ENABLE_MODULES = YES;
				CLANG_ENABLE_OBJC_ARC = YES;
				CLANG_ENABLE_OBJC_WEAK = YES;
				CLANG_WARN_BLOCK_CAPTURE_AUTORELEASING = YES;
				CLANG_WARN_BOOL_CONVERSION = YES;
				CLANG_WARN_COMMA = YES;
				CLANG_WARN_CONSTANT_CONVERSION = YES;
				CLANG_WARN_DEPRECATED_OBJC_IMPLEMENTATIONS = YES;
				CLANG_WARN_DIRECT_OBJC_ISA_USAGE = YES_ERROR;
				CLANG_WARN_DOCUMENTATION_COMMENTS = YES;
				CLANG_WARN_EMPTY_BODY = YES;
				CLANG_WARN_ENUM_CONVERSION = YES;
				CLANG_WARN_INFINITE_RECURSION = YES;
				CLANG_WARN_INT_CONVERSION = YES;
				CLANG_WARN_NON_LITERAL_NULL_CONVERSION = YES;
				CLANG_WARN_OBJC_IMPLICIT_RETAIN_SELF = YES;
				CLANG_WARN_OBJC_LITERAL_CONVERSION = YES;
				CLANG_WARN_OBJC_ROOT_CLASS = YES_ERROR;
				CLANG_WARN_RANGE_LOOP_ANALYSIS = YES;
				CLANG_WARN_STRICT_PROTOTYPES = YES;
				CLANG_WARN_SUSPICIOUS_MOVE = YES;
				CLANG_WARN_UNGUARDED_AVAILABILITY = YES_AGGRESSIVE;
				CLANG_WARN_UNREACHABLE_CODE = YES;
				CLANG_WARN__DUPLICATE_METHOD_MATCH = YES;
				COPY_PHASE_STRIP = NO;
				DEBUG_INFORMATION_FORMAT = "dwarf-with-dsym";
				ENABLE_NS_ASSERTIONS = NO;
				ENABLE_STRICT_OBJC_MSGSEND = YES;
				GCC_C_LANGUAGE_STANDARD = gnu11;
				GCC_NO_COMMON_BLOCKS = YES;
				GCC_WARN_64_TO_32_BIT_CONVERSION = YES;
				GCC_WARN_ABOUT_RETURN_TYPE = YES_ERROR;
				GCC_WARN_UNDECLARED_SELECTOR = YES;
				GCC_WARN_UNINITIALIZED_AUTOS = YES_AGGRESSIVE;
				GCC_WARN_UNUSED_FUNCTION = YES;
				GCC_WARN_UNUSED_VARIABLE = YES;
				IPHONEOS_DEPLOYMENT_TARGET = 12.0;
				MTL_ENABLE_DEBUG_INFO = NO;
				MTL_FAST_MATH = YES;
				SDKROOT = iphoneos;
				SWIFT_COMPILATION_MODE = wholemodule;
				SWIFT_OPTIMIZATION_LEVEL = "-O";
				VALIDATE_PRODUCT = YES;
			};
			name = Release;
		};
		36BE94A6247C42BA00344017 /* Debug */ = {
			isa = XCBuildConfiguration;
			baseConfigurationReference = E0FEEB92B54CB716BBFAA6E8 /* Pods-OCR Recognizer.debug.xcconfig */;
			buildSettings = {
				ASSETCATALOG_COMPILER_APPICON_NAME = AppIcon;
				CODE_SIGN_STYLE = Automatic;
				DEVELOPMENT_TEAM = 8626JTCU6Y;
				INFOPLIST_FILE = "OCR Recognizer/Info.plist";
				LD_RUNPATH_SEARCH_PATHS = (
					"$(inherited)",
					"@executable_path/Frameworks",
				);
				PRODUCT_BUNDLE_IDENTIFIER = "com.Lilya.OCR-Recognizer";
				PRODUCT_NAME = "$(TARGET_NAME)";
				SWIFT_VERSION = 5.0;
				TARGETED_DEVICE_FAMILY = "1,2";
			};
			name = Debug;
		};
		36BE94A7247C42BA00344017 /* Release */ = {
			isa = XCBuildConfiguration;
			baseConfigurationReference = E59BA26E101AAEA6AD3C1B34 /* Pods-OCR Recognizer.release.xcconfig */;
			buildSettings = {
				ASSETCATALOG_COMPILER_APPICON_NAME = AppIcon;
				CODE_SIGN_STYLE = Automatic;
				DEVELOPMENT_TEAM = 8626JTCU6Y;
				INFOPLIST_FILE = "OCR Recognizer/Info.plist";
				LD_RUNPATH_SEARCH_PATHS = (
					"$(inherited)",
					"@executable_path/Frameworks",
				);
				PRODUCT_BUNDLE_IDENTIFIER = "com.Lilya.OCR-Recognizer";
				PRODUCT_NAME = "$(TARGET_NAME)";
				SWIFT_VERSION = 5.0;
				TARGETED_DEVICE_FAMILY = "1,2";
			};
			name = Release;
		};
/* End XCBuildConfiguration section */

/* Begin XCConfigurationList section */
		36BE948C247C42B500344017 /* Build configuration list for PBXProject "OCR" */ = {
			isa = XCConfigurationList;
			buildConfigurations = (
				36BE94A3247C42BA00344017 /* Debug */,
				36BE94A4247C42BA00344017 /* Release */,
			);
			defaultConfigurationIsVisible = 0;
			defaultConfigurationName = Release;
		};
		36BE94A5247C42BA00344017 /* Build configuration list for PBXNativeTarget "OCR Recognizer" */ = {
			isa = XCConfigurationList;
			buildConfigurations = (
				36BE94A6247C42BA00344017 /* Debug */,
				36BE94A7247C42BA00344017 /* Release */,
			);
			defaultConfigurationIsVisible = 0;
			defaultConfigurationName = Release;
		};
/* End XCConfigurationList section */
	};
	rootObject = 36BE9489247C42B500344017 /* Project object */;
}
